# This file is automatically @generated by Cargo.
# It is not intended for manual editing.
version = 4

[[package]]
name = "deterministic_automata"
version = "0.1.4"
source = "registry+https://github.com/rust-lang/crates.io-index"
checksum = "bc9590df959c8ed854a0fb3c846acd16f43f843cab10900ab7b95743d83300ea"

[[package]]
name = "tokenise"
version = "0.2.0"
dependencies = [
 "deterministic_automata",
 "unicode-general-category",
 "unicode-segmentation",
]

[[package]]
name = "unicode-general-category"
version = "1.0.0"
source = "registry+https://github.com/rust-lang/crates.io-index"
checksum = "24adfe8311434967077a6adff125729161e6e4934d76f6b7c55318ac5c9246d3"

[[package]]
name = "unicode-segmentation"
version = "1.12.0"
source = "registry+https://github.com/rust-lang/crates.io-index"
checksum = "f6ccf251212114b54433ec949fd6a7841275f9ada20dddd2f29e9ceea4501493"
